
Microsoft Visual Studio Solution File, Format Version 12.00
# Visual Studio Version 17
VisualStudioVersion = 17.9.34622.214
MinimumVisualStudioVersion = 10.0.40219.1
Project("{FAE04EC0-301F-11D3-BF4B-00C04F79EFBC}") = "Pr_mobile_bank_rom_kir", "Pr_mobile_bank_rom_kir\Pr_mobile_bank_rom_kir.csproj", "{A10B142E-F69F-416E-B545-6E78ED21BD5C}"
EndProject
Global
	GlobalSection(SolutionConfigurationPlatforms) = preSolution
		Debug|Any CPU = Debug|Any CPU
		Release|Any CPU = Release|Any CPU
	EndGlobalSection
	GlobalSection(ProjectConfigurationPlatforms) = postSolution
		{A10B142E-F69F-416E-B545-6E78ED21BD5C}.Debug|Any CPU.ActiveCfg = Debug|Any CPU
		{A10B142E-F69F-416E-B545-6E78ED21BD5C}.Debug|Any CPU.Build.0 = Debug|Any CPU
		{A10B142E-F69F-416E-B545-6E78ED21BD5C}.Release|Any CPU.ActiveCfg = Release|Any CPU
		{A10B142E-F69F-416E-B545-6E78ED21BD5C}.Release|Any CPU.Build.0 = Release|Any CPU
	EndGlobalSection
	GlobalSection(SolutionProperties) = preSolution
		HideSolutionNode = FALSE
	EndGlobalSection
	GlobalSection(ExtensibilityGlobals) = postSolution
		SolutionGuid = {4F220BF4-C68C-4053-9543-B134930BDEFE}
	EndGlobalSection
EndGlobal
